// !$*UTF8*$!
{
	archiveVersion = 1;
	classes = {
	};
	objectVersion = 55;
	objects = {

/* Begin PBXBuildFile section */
		8A7095712772D40300DF2870 /* People_DetailsApp.swift in Sources */ = {isa = PBXBuildFile; fileRef = 8A7095702772D40300DF2870 /* People_DetailsApp.swift */; };
		8A7095732772D40300DF2870 /* ContentView.swift in Sources */ = {isa = PBXBuildFile; fileRef = 8A7095722772D40300DF2870 /* ContentView.swift */; };
		8A7095752772D40800DF2870 /* Assets.xcassets in Resources */ = {isa = PBXBuildFile; fileRef = 8A7095742772D40800DF2870 /* Assets.xcassets */; };
		8A7095782772D40800DF2870 /* Preview Assets.xcassets in Resources */ = {isa = PBXBuildFile; fileRef = 8A7095772772D40800DF2870 /* Preview Assets.xcassets */; };
		8A7095822772D40900DF2870 /* People_DetailsTests.swift in Sources */ = {isa = PBXBuildFile; fileRef = 8A7095812772D40900DF2870 /* People_DetailsTests.swift */; };
		8A70958C2772D40900DF2870 /* People_DetailsUITests.swift in Sources */ = {isa = PBXBuildFile; fileRef = 8A70958B2772D40900DF2870 /* People_DetailsUITests.swift */; };
		8A70958E2772D40900DF2870 /* People_DetailsUITestsLaunchTests.swift in Sources */ = {isa = PBXBuildFile; fileRef = 8A70958D2772D40900DF2870 /* People_DetailsUITestsLaunchTests.swift */; };
		8A70959C2772D42600DF2870 /* User.swift in Sources */ = {isa = PBXBuildFile; fileRef = 8A70959B2772D42600DF2870 /* User.swift */; };
		8AF38606277306F2005847D5 /* SDWebImageSwiftUI in Frameworks */ = {isa = PBXBuildFile; productRef = 8AF38605277306F2005847D5 /* SDWebImageSwiftUI */; };
		8AF3860A27730815005847D5 /* ImageViewer.swift in Sources */ = {isa = PBXBuildFile; fileRef = 8AF3860927730815005847D5 /* ImageViewer.swift */; };
		8AF3860C2773086E005847D5 /* UserView.swift in Sources */ = {isa = PBXBuildFile; fileRef = 8AF3860B2773086E005847D5 /* UserView.swift */; };
		8AF3860E27730A08005847D5 /* ContentViewModel.swift in Sources */ = {isa = PBXBuildFile; fileRef = 8AF3860D27730A08005847D5 /* ContentViewModel.swift */; };
/* End PBXBuildFile section */

/* Begin PBXContainerItemProxy section */
		8A70957E2772D40900DF2870 /* PBXContainerItemProxy */ = {
			isa = PBXContainerItemProxy;
			containerPortal = 8A7095652772D40300DF2870 /* Project object */;
			proxyType = 1;
			remoteGlobalIDString = 8A70956C2772D40300DF2870;
			remoteInfo = "People Details";
		};
		8A7095882772D40900DF2870 /* PBXContainerItemProxy */ = {
			isa = PBXContainerItemProxy;
			containerPortal = 8A7095652772D40300DF2870 /* Project object */;
			proxyType = 1;
			remoteGlobalIDString = 8A70956C2772D40300DF2870;
			remoteInfo = "People Details";
		};
/* End PBXContainerItemProxy section */

/* Begin PBXFileReference section */
		8A70956D2772D40300DF2870 /* People Details.app */ = {isa = PBXFileReference; explicitFileType = wrapper.application; includeInIndex = 0; path = "People Details.app"; sourceTree = BUILT_PRODUCTS_DIR; };
		8A7095702772D40300DF2870 /* People_DetailsApp.swift */ = {isa = PBXFileReference; lastKnownFileType = sourcecode.swift; path = People_DetailsApp.swift; sourceTree = "<group>"; };
		8A7095722772D40300DF2870 /* ContentView.swift */ = {isa = PBXFileReference; lastKnownFileType = sourcecode.swift; path = ContentView.swift; sourceTree = "<group>"; };
		8A7095742772D40800DF2870 /* Assets.xcassets */ = {isa = PBXFileReference; lastKnownFileType = folder.assetcatalog; path = Assets.xcassets; sourceTree = "<group>"; };
		8A7095772772D40800DF2870 /* Preview Assets.xcassets */ = {isa = PBXFileReference; lastKnownFileType = folder.assetcatalog; path = "Preview Assets.xcassets"; sourceTree = "<group>"; };
		8A70957D2772D40900DF2870 /* People DetailsTests.xctest */ = {isa = PBXFileReference; explicitFileType = wrapper.cfbundle; includeInIndex = 0; path = "People DetailsTests.xctest"; sourceTree = BUILT_PRODUCTS_DIR; };
		8A7095812772D40900DF2870 /* People_DetailsTests.swift */ = {isa = PBXFileReference; lastKnownFileType = sourcecode.swift; path = People_DetailsTests.swift; sourceTree = "<group>"; };
		8A7095872772D40900DF2870 /* People DetailsUITests.xctest */ = {isa = PBXFileReference; explicitFileType = wrapper.cfbundle; includeInIndex = 0; path = "People DetailsUITests.xctest"; sourceTree = BUILT_PRODUCTS_DIR; };
		8A70958B2772D40900DF2870 /* People_DetailsUITests.swift */ = {isa = PBXFileReference; lastKnownFileType = sourcecode.swift; path = People_DetailsUITests.swift; sourceTree = "<group>"; };
		8A70958D2772D40900DF2870 /* People_DetailsUITestsLaunchTests.swift */ = {isa = PBXFileReference; lastKnownFileType = sourcecode.swift; path = People_DetailsUITestsLaunchTests.swift; sourceTree = "<group>"; };
		8A70959B2772D42600DF2870 /* User.swift */ = {isa = PBXFileReference; lastKnownFileType = sourcecode.swift; path = User.swift; sourceTree = "<group>"; };
		8AF3860927730815005847D5 /* ImageViewer.swift */ = {isa = PBXFileReference; lastKnownFileType = sourcecode.swift; path = ImageViewer.swift; sourceTree = "<group>"; };
		8AF3860B2773086E005847D5 /* UserView.swift */ = {isa = PBXFileReference; lastKnownFileType = sourcecode.swift; path = UserView.swift; sourceTree = "<group>"; };
		8AF3860D27730A08005847D5 /* ContentViewModel.swift */ = {isa = PBXFileReference; lastKnownFileType = sourcecode.swift; path = ContentViewModel.swift; sourceTree = "<group>"; };
/* End PBXFileReference section */

/* Begin PBXFrameworksBuildPhase section */
		8A70956A2772D40300DF2870 /* Frameworks */ = {
			isa = PBXFrameworksBuildPhase;
			buildActionMask = 2147483647;
			files = (
				8AF38606277306F2005847D5 /* SDWebImageSwiftUI in Frameworks */,
			);
			runOnlyForDeploymentPostprocessing = 0;
		};
		8A70957A2772D40900DF2870 /* Frameworks */ = {
			isa = PBXFrameworksBuildPhase;
			buildActionMask = 2147483647;
			files = (
			);
			runOnlyForDeploymentPostprocessing = 0;
		};
		8A7095842772D40900DF2870 /* Frameworks */ = {
			isa = PBXFrameworksBuildPhase;
			buildActionMask = 2147483647;
			files = (
			);
			runOnlyForDeploymentPostprocessing = 0;
		};
/* End PBXFrameworksBuildPhase section */

/* Begin PBXGroup section */
		8A7095642772D40300DF2870 = {
			isa = PBXGroup;
			children = (
				8A70956F2772D40300DF2870 /* People Details */,
				8A7095802772D40900DF2870 /* People DetailsTests */,
				8A70958A2772D40900DF2870 /* People DetailsUITests */,
				8A70956E2772D40300DF2870 /* Products */,
			);
			sourceTree = "<group>";
		};
		8A70956E2772D40300DF2870 /* Products */ = {
			isa = PBXGroup;
			children = (
				8A70956D2772D40300DF2870 /* People Details.app */,
				8A70957D2772D40900DF2870 /* People DetailsTests.xctest */,
				8A7095872772D40900DF2870 /* People DetailsUITests.xctest */,
			);
			name = Products;
			sourceTree = "<group>";
		};
		8A70956F2772D40300DF2870 /* People Details */ = {
			isa = PBXGroup;
			children = (
				8ACB324C2773060800014BD6 /* Components */,
				8A70959A2772D41600DF2870 /* Model */,
				8A7095702772D40300DF2870 /* People_DetailsApp.swift */,
				8A7095722772D40300DF2870 /* ContentView.swift */,
				8A7095742772D40800DF2870 /* Assets.xcassets */,
				8A7095762772D40800DF2870 /* Preview Content */,
				8AF3860D27730A08005847D5 /* ContentViewModel.swift */,
			);
			path = "People Details";
			sourceTree = "<group>";
		};
		8A7095762772D40800DF2870 /* Preview Content */ = {
			isa = PBXGroup;
			children = (
				8A7095772772D40800DF2870 /* Preview Assets.xcassets */,
			);
			path = "Preview Content";
			sourceTree = "<group>";
		};
		8A7095802772D40900DF2870 /* People DetailsTests */ = {
			isa = PBXGroup;
			children = (
				8A7095812772D40900DF2870 /* People_DetailsTests.swift */,
			);
			path = "People DetailsTests";
			sourceTree = "<group>";
		};
		8A70958A2772D40900DF2870 /* People DetailsUITests */ = {
			isa = PBXGroup;
			children = (
				8A70958B2772D40900DF2870 /* People_DetailsUITests.swift */,
				8A70958D2772D40900DF2870 /* People_DetailsUITestsLaunchTests.swift */,
			);
			path = "People DetailsUITests";
			sourceTree = "<group>";
		};
		8A70959A2772D41600DF2870 /* Model */ = {
			isa = PBXGroup;
			children = (
				8A70959B2772D42600DF2870 /* User.swift */,
			);
			path = Model;
			sourceTree = "<group>";
		};
		8ACB324C2773060800014BD6 /* Components */ = {
			isa = PBXGroup;
			children = (
				8AF3860927730815005847D5 /* ImageViewer.swift */,
				8AF3860B2773086E005847D5 /* UserView.swift */,
			);
			path = Components;
			sourceTree = "<group>";
		};
/* End PBXGroup section */

/* Begin PBXNativeTarget section */
		8A70956C2772D40300DF2870 /* People Details */ = {
			isa = PBXNativeTarget;
			buildConfigurationList = 8A7095912772D40900DF2870 /* Build configuration list for PBXNativeTarget "People Details" */;
			buildPhases = (
				8A7095692772D40300DF2870 /* Sources */,
				8A70956A2772D40300DF2870 /* Frameworks */,
				8A70956B2772D40300DF2870 /* Resources */,
			);
			buildRules = (
			);
			dependencies = (
			);
			name = "People Details";
			packageProductDependencies = (
				8AF38605277306F2005847D5 /* SDWebImageSwiftUI */,
			);
			productName = "People Details";
			productReference = 8A70956D2772D40300DF2870 /* People Details.app */;
			productType = "com.apple.product-type.application";
		};
		8A70957C2772D40900DF2870 /* People DetailsTests */ = {
			isa = PBXNativeTarget;
			buildConfigurationList = 8A7095942772D40900DF2870 /* Build configuration list for PBXNativeTarget "People DetailsTests" */;
			buildPhases = (
				8A7095792772D40900DF2870 /* Sources */,
				8A70957A2772D40900DF2870 /* Frameworks */,
				8A70957B2772D40900DF2870 /* Resources */,
			);
			buildRules = (
			);
			dependencies = (
				8A70957F2772D40900DF2870 /* PBXTargetDependency */,
			);
			name = "People DetailsTests";
			productName = "People DetailsTests";
			productReference = 8A70957D2772D40900DF2870 /* People DetailsTests.xctest */;
			productType = "com.apple.product-type.bundle.unit-test";
		};
		8A7095862772D40900DF2870 /* People DetailsUITests */ = {
			isa = PBXNativeTarget;
			buildConfigurationList = 8A7095972772D40900DF2870 /* Build configuration list for PBXNativeTarget "People DetailsUITests" */;
			buildPhases = (
				8A7095832772D40900DF2870 /* Sources */,
				8A7095842772D40900DF2870 /* Frameworks */,
				8A7095852772D40900DF2870 /* Resources */,
			);
			buildRules = (
			);
			dependencies = (
				8A7095892772D40900DF2870 /* PBXTargetDependency */,
			);
			name = "People DetailsUITests";
			productName = "People DetailsUITests";
			productReference = 8A7095872772D40900DF2870 /* People DetailsUITests.xctest */;
			productType = "com.apple.product-type.bundle.ui-testing";
		};
/* End PBXNativeTarget section */

/* Begin PBXProject section */
		8A7095652772D40300DF2870 /* Project object */ = {
			isa = PBXProject;
			attributes = {
				BuildIndependentTargetsInParallel = 1;
				LastSwiftUpdateCheck = 1320;
				LastUpgradeCheck = 1320;
				TargetAttributes = {
					8A70956C2772D40300DF2870 = {
						CreatedOnToolsVersion = 13.2;
					};
					8A70957C2772D40900DF2870 = {
						CreatedOnToolsVersion = 13.2;
						TestTargetID = 8A70956C2772D40300DF2870;
					};
					8A7095862772D40900DF2870 = {
						CreatedOnToolsVersion = 13.2;
						TestTargetID = 8A70956C2772D40300DF2870;
					};
				};
			};
			buildConfigurationList = 8A7095682772D40300DF2870 /* Build configuration list for PBXProject "People Details" */;
			compatibilityVersion = "Xcode 13.0";
			developmentRegion = en;
			hasScannedForEncodings = 0;
			knownRegions = (
				en,
				Base,
			);
			mainGroup = 8A7095642772D40300DF2870;
			packageReferences = (
				8AF38604277306F2005847D5 /* XCRemoteSwiftPackageReference "SDWebImageSwiftUI" */,
			);
			productRefGroup = 8A70956E2772D40300DF2870 /* Products */;
			projectDirPath = "";
			projectRoot = "";
			targets = (
				8A70956C2772D40300DF2870 /* People Details */,
				8A70957C2772D40900DF2870 /* People DetailsTests */,
				8A7095862772D40900DF2870 /* People DetailsUITests */,
			);
		};
/* End PBXProject section */

/* Begin PBXResourcesBuildPhase section */
		8A70956B2772D40300DF2870 /* Resources */ = {
			isa = PBXResourcesBuildPhase;
			buildActionMask = 2147483647;
			files = (
				8A7095782772D40800DF2870 /* Preview Assets.xcassets in Resources */,
				8A7095752772D40800DF2870 /* Assets.xcassets in Resources */,
			);
			runOnlyForDeploymentPostprocessing = 0;
		};
		8A70957B2772D40900DF2870 /* Resources */ = {
			isa = PBXResourcesBuildPhase;
			buildActionMask = 2147483647;
			files = (
			);
			runOnlyForDeploymentPostprocessing = 0;
		};
		8A7095852772D40900DF2870 /* Resources */ = {
			isa = PBXResourcesBuildPhase;
			buildActionMask = 2147483647;
			files = (
			);
			runOnlyForDeploymentPostprocessing = 0;
		};
/* End PBXResourcesBuildPhase section */

/* Begin PBXSourcesBuildPhase section */
		8A7095692772D40300DF2870 /* Sources */ = {
			isa = PBXSourcesBuildPhase;
			buildActionMask = 2147483647;
			files = (
				8A7095732772D40300DF2870 /* ContentView.swift in Sources */,
				8AF3860A27730815005847D5 /* ImageViewer.swift in Sources */,
				8AF3860E27730A08005847D5 /* ContentViewModel.swift in Sources */,
				8AF3860C2773086E005847D5 /* UserView.swift in Sources */,
				8A7095712772D40300DF2870 /* People_DetailsApp.swift in Sources */,
				8A70959C2772D42600DF2870 /* User.swift in Sources */,
			);
			runOnlyForDeploymentPostprocessing = 0;
		};
		8A7095792772D40900DF2870 /* Sources */ = {
			isa = PBXSourcesBuildPhase;
			buildActionMask = 2147483647;
			files = (
				8A7095822772D40900DF2870 /* People_DetailsTests.swift in Sources */,
			);
			runOnlyForDeploymentPostprocessing = 0;
		};
		8A7095832772D40900DF2870 /* Sources */ = {
			isa = PBXSourcesBuildPhase;
			buildActionMask = 2147483647;
			files = (
				8A70958E2772D40900DF2870 /* People_DetailsUITestsLaunchTests.swift in Sources */,
				8A70958C2772D40900DF2870 /* People_DetailsUITests.swift in Sources */,
			);
			runOnlyForDeploymentPostprocessing = 0;
		};
/* End PBXSourcesBuildPhase section */

/* Begin PBXTargetDependency section */
		8A70957F2772D40900DF2870 /* PBXTargetDependency */ = {
			isa = PBXTargetDependency;
			target = 8A70956C2772D40300DF2870 /* People Details */;
			targetProxy = 8A70957E2772D40900DF2870 /* PBXContainerItemProxy */;
		};
		8A7095892772D40900DF2870 /* PBXTargetDependency */ = {
			isa = PBXTargetDependency;
			target = 8A70956C2772D40300DF2870 /* People Details */;
			targetProxy = 8A7095882772D40900DF2870 /* PBXContainerItemProxy */;
		};
/* End PBXTargetDependency section */

/* Begin XCBuildConfiguration section */
		8A70958F2772D40900DF2870 /* Debug */ = {
			isa = XCBuildConfiguration;
			buildSettings = {
				ALWAYS_SEARCH_USER_PATHS = NO;
				CLANG_ANALYZER_NONNULL = YES;
				CLANG_ANALYZER_NUMBER_OBJECT_CONVERSION = YES_AGGRESSIVE;
				CLANG_CXX_LANGUAGE_STANDARD = "gnu++17";
				CLANG_CXX_LIBRARY = "libc++";
				CLANG_ENABLE_MODULES = YES;
				CLANG_ENABLE_OBJC_ARC = YES;
				CLANG_ENABLE_OBJC_WEAK = YES;
				CLANG_WARN_BLOCK_CAPTURE_AUTORELEASING = YES;
				CLANG_WARN_BOOL_CONVERSION = YES;
				CLANG_WARN_COMMA = YES;
				CLANG_WARN_CONSTANT_CONVERSION = YES;
				CLANG_WARN_DEPRECATED_OBJC_IMPLEMENTATIONS = YES;
				CLANG_WARN_DIRECT_OBJC_ISA_USAGE = YES_ERROR;
				CLANG_WARN_DOCUMENTATION_COMMENTS = YES;
				CLANG_WARN_EMPTY_BODY = YES;
				CLANG_WARN_ENUM_CONVERSION = YES;
				CLANG_WARN_INFINITE_RECURSION = YES;
				CLANG_WARN_INT_CONVERSION = YES;
				CLANG_WARN_NON_LITERAL_NULL_CONVERSION = YES;
				CLANG_WARN_OBJC_IMPLICIT_RETAIN_SELF = YES;
				CLANG_WARN_OBJC_LITERAL_CONVERSION = YES;
				CLANG_WARN_OBJC_ROOT_CLASS = YES_ERROR;
				CLANG_WARN_QUOTED_INCLUDE_IN_FRAMEWORK_HEADER = YES;
				CLANG_WARN_RANGE_LOOP_ANALYSIS = YES;
				CLANG_WARN_STRICT_PROTOTYPES = YES;
				CLANG_WARN_SUSPICIOUS_MOVE = YES;
				CLANG_WARN_UNGUARDED_AVAILABILITY = YES_AGGRESSIVE;
				CLANG_WARN_UNREACHABLE_CODE = YES;
				CLANG_WARN__DUPLICATE_METHOD_MATCH = YES;
				COPY_PHASE_STRIP = NO;
				DEBUG_INFORMATION_FORMAT = dwarf;
				ENABLE_STRICT_OBJC_MSGSEND = YES;
				ENABLE_TESTABILITY = YES;
				GCC_C_LANGUAGE_STANDARD = gnu11;
				GCC_DYNAMIC_NO_PIC = NO;
				GCC_NO_COMMON_BLOCKS = YES;
				GCC_OPTIMIZATION_LEVEL = 0;
				GCC_PREPROCESSOR_DEFINITIONS = (
					"DEBUG=1",
					"$(inherited)",
				);
				GCC_WARN_64_TO_32_BIT_CONVERSION = YES;
				GCC_WARN_ABOUT_RETURN_TYPE = YES_ERROR;
				GCC_WARN_UNDECLARED_SELECTOR = YES;
				GCC_WARN_UNINITIALIZED_AUTOS = YES_AGGRESSIVE;
				GCC_WARN_UNUSED_FUNCTION = YES;
				GCC_WARN_UNUSED_VARIABLE = YES;
				IPHONEOS_DEPLOYMENT_TARGET = 15.2;
				MTL_ENABLE_DEBUG_INFO = INCLUDE_SOURCE;
				MTL_FAST_MATH = YES;
				ONLY_ACTIVE_ARCH = YES;
				SDKROOT = iphoneos;
				SWIFT_ACTIVE_COMPILATION_CONDITIONS = DEBUG;
				SWIFT_OPTIMIZATION_LEVEL = "-Onone";
			};
			name = Debug;
		};
		8A7095902772D40900DF2870 /* Release */ = {
			isa = XCBuildConfiguration;
			buildSettings = {
				ALWAYS_SEARCH_USER_PATHS = NO;
				CLANG_ANALYZER_NONNULL = YES;
				CLANG_ANALYZER_NUMBER_OBJECT_CONVERSION = YES_AGGRESSIVE;
				CLANG_CXX_LANGUAGE_STANDARD = "gnu++17";
				CLANG_CXX_LIBRARY = "libc++";
				CLANG_ENABLE_MODULES = YES;
				CLANG_ENABLE_OBJC_ARC = YES;
				CLANG_ENABLE_OBJC_WEAK = YES;
				CLANG_WARN_BLOCK_CAPTURE_AUTORELEASING = YES;
				CLANG_WARN_BOOL_CONVERSION = YES;
				CLANG_WARN_COMMA = YES;
				CLANG_WARN_CONSTANT_CONVERSION = YES;
				CLANG_WARN_DEPRECATED_OBJC_IMPLEMENTATIONS = YES;
				CLANG_WARN_DIRECT_OBJC_ISA_USAGE = YES_ERROR;
				CLANG_WARN_DOCUMENTATION_COMMENTS = YES;
				CLANG_WARN_EMPTY_BODY = YES;
				CLANG_WARN_ENUM_CONVERSION = YES;
				CLANG_WARN_INFINITE_RECURSION = YES;
				CLANG_WARN_INT_CONVERSION = YES;
				CLANG_WARN_NON_LITERAL_NULL_CONVERSION = YES;
				CLANG_WARN_OBJC_IMPLICIT_RETAIN_SELF = YES;
				CLANG_WARN_OBJC_LITERAL_CONVERSION = YES;
				CLANG_WARN_OBJC_ROOT_CLASS = YES_ERROR;
				CLANG_WARN_QUOTED_INCLUDE_IN_FRAMEWORK_HEADER = YES;
				CLANG_WARN_RANGE_LOOP_ANALYSIS = YES;
				CLANG_WARN_STRICT_PROTOTYPES = YES;
				CLANG_WARN_SUSPICIOUS_MOVE = YES;
				CLANG_WARN_UNGUARDED_AVAILABILITY = YES_AGGRESSIVE;
				CLANG_WARN_UNREACHABLE_CODE = YES;
				CLANG_WARN__DUPLICATE_METHOD_MATCH = YES;
				COPY_PHASE_STRIP = NO;
				DEBUG_INFORMATION_FORMAT = "dwarf-with-dsym";
				ENABLE_NS_ASSERTIONS = NO;
				ENABLE_STRICT_OBJC_MSGSEND = YES;
				GCC_C_LANGUAGE_STANDARD = gnu11;
				GCC_NO_COMMON_BLOCKS = YES;
				GCC_WARN_64_TO_32_BIT_CONVERSION = YES;
				GCC_WARN_ABOUT_RETURN_TYPE = YES_ERROR;
				GCC_WARN_UNDECLARED_SELECTOR = YES;
				GCC_WARN_UNINITIALIZED_AUTOS = YES_AGGRESSIVE;
				GCC_WARN_UNUSED_FUNCTION = YES;
				GCC_WARN_UNUSED_VARIABLE = YES;
				IPHONEOS_DEPLOYMENT_TARGET = 15.2;
				MTL_ENABLE_DEBUG_INFO = NO;
				MTL_FAST_MATH = YES;
				SDKROOT = iphoneos;
				SWIFT_COMPILATION_MODE = wholemodule;
				SWIFT_OPTIMIZATION_LEVEL = "-O";
				VALIDATE_PRODUCT = YES;
			};
			name = Release;
		};
		8A7095922772D40900DF2870 /* Debug */ = {
			isa = XCBuildConfiguration;
			buildSettings = {
				ASSETCATALOG_COMPILER_APPICON_NAME = AppIcon;
				ASSETCATALOG_COMPILER_GLOBAL_ACCENT_COLOR_NAME = AccentColor;
				CODE_SIGN_STYLE = Automatic;
				CURRENT_PROJECT_VERSION = 1;
				DEVELOPMENT_ASSET_PATHS = "\"People Details/Preview Content\"";
				DEVELOPMENT_TEAM = 7MSQX36522;
				ENABLE_PREVIEWS = YES;
				GENERATE_INFOPLIST_FILE = YES;
				INFOPLIST_KEY_UIApplicationSceneManifest_Generation = YES;
				INFOPLIST_KEY_UIApplicationSupportsIndirectInputEvents = YES;
				INFOPLIST_KEY_UILaunchScreen_Generation = YES;
				INFOPLIST_KEY_UISupportedInterfaceOrientations_iPad = "UIInterfaceOrientationPortrait UIInterfaceOrientationPortraitUpsideDown UIInterfaceOrientationLandscapeLeft UIInterfaceOrientationLandscapeRight";
				INFOPLIST_KEY_UISupportedInterfaceOrientations_iPhone = "UIInterfaceOrientationPortrait UIInterfaceOrientationLandscapeLeft UIInterfaceOrientationLandscapeRight";
				LD_RUNPATH_SEARCH_PATHS = (
					"$(inherited)",
					"@executable_path/Frameworks",
				);
				MARKETING_VERSION = 1.0;
				PRODUCT_BUNDLE_IDENTIFIER = "AnorexInc.People-Details";
				PRODUCT_NAME = "$(TARGET_NAME)";
				SWIFT_EMIT_LOC_STRINGS = YES;
				SWIFT_VERSION = 5.0;
				TARGETED_DEVICE_FAMILY = "1,2";
			};
			name = Debug;
		};
		8A7095932772D40900DF2870 /* Release */ = {
			isa = XCBuildConfiguration;
			buildSettings = {
				ASSETCATALOG_COMPILER_APPICON_NAME = AppIcon;
				ASSETCATALOG_COMPILER_GLOBAL_ACCENT_COLOR_NAME = AccentColor;
				CODE_SIGN_STYLE = Automatic;
				CURRENT_PROJECT_VERSION = 1;
				DEVELOPMENT_ASSET_PATHS = "\"People Details/Preview Content\"";
				DEVELOPMENT_TEAM = 7MSQX36522;
				ENABLE_PREVIEWS = YES;
				GENERATE_INFOPLIST_FILE = YES;
				INFOPLIST_KEY_UIApplicationSceneManifest_Generation = YES;
				INFOPLIST_KEY_UIApplicationSupportsIndirectInputEvents = YES;
				INFOPLIST_KEY_UILaunchScreen_Generation = YES;
				INFOPLIST_KEY_UISupportedInterfaceOrientations_iPad = "UIInterfaceOrientationPortrait UIInterfaceOrientationPortraitUpsideDown UIInterfaceOrientationLandscapeLeft UIInterfaceOrientationLandscapeRight";
				INFOPLIST_KEY_UISupportedInterfaceOrientations_iPhone = "UIInterfaceOrientationPortrait UIInterfaceOrientationLandscapeLeft UIInterfaceOrientationLandscapeRight";
				LD_RUNPATH_SEARCH_PATHS = (
					"$(inherited)",
					"@executable_path/Frameworks",
				);
				MARKETING_VERSION = 1.0;
				PRODUCT_BUNDLE_IDENTIFIER = "AnorexInc.People-Details";
				PRODUCT_NAME = "$(TARGET_NAME)";
				SWIFT_EMIT_LOC_STRINGS = YES;
				SWIFT_VERSION = 5.0;
				TARGETED_DEVICE_FAMILY = "1,2";
			};
			name = Release;
		};
		8A7095952772D40900DF2870 /* Debug */ = {
			isa = XCBuildConfiguration;
			buildSettings = {
				ALWAYS_EMBED_SWIFT_STANDARD_LIBRARIES = YES;
				BUNDLE_LOADER = "$(TEST_HOST)";
				CODE_SIGN_STYLE = Automatic;
				CURRENT_PROJECT_VERSION = 1;
				DEVELOPMENT_TEAM = 7MSQX36522;
				GENERATE_INFOPLIST_FILE = YES;
				IPHONEOS_DEPLOYMENT_TARGET = 15.2;
				MARKETING_VERSION = 1.0;
				PRODUCT_BUNDLE_IDENTIFIER = "AnorexInc.People-DetailsTests";
				PRODUCT_NAME = "$(TARGET_NAME)";
				SWIFT_EMIT_LOC_STRINGS = NO;
				SWIFT_VERSION = 5.0;
				TARGETED_DEVICE_FAMILY = "1,2";
				TEST_HOST = "$(BUILT_PRODUCTS_DIR)/People Details.app/People Details";
			};
			name = Debug;
		};
		8A7095962772D40900DF2870 /* Release */ = {
			isa = XCBuildConfiguration;
			buildSettings = {
				ALWAYS_EMBED_SWIFT_STANDARD_LIBRARIES = YES;
				BUNDLE_LOADER = "$(TEST_HOST)";
				CODE_SIGN_STYLE = Automatic;
				CURRENT_PROJECT_VERSION = 1;
				DEVELOPMENT_TEAM = 7MSQX36522;
				GENERATE_INFOPLIST_FILE = YES;
				IPHONEOS_DEPLOYMENT_TARGET = 15.2;
				MARKETING_VERSION = 1.0;
				PRODUCT_BUNDLE_IDENTIFIER = "AnorexInc.People-DetailsTests";
				PRODUCT_NAME = "$(TARGET_NAME)";
				SWIFT_EMIT_LOC_STRINGS = NO;
				SWIFT_VERSION = 5.0;
				TARGETED_DEVICE_FAMILY = "1,2";
				TEST_HOST = "$(BUILT_PRODUCTS_DIR)/People Details.app/People Details";
			};
			name = Release;
		};
		8A7095982772D40900DF2870 /* Debug */ = {
			isa = XCBuildConfiguration;
			buildSettings = {
				ALWAYS_EMBED_SWIFT_STANDARD_LIBRARIES = YES;
				CODE_SIGN_STYLE = Automatic;
				CURRENT_PROJECT_VERSION = 1;
				DEVELOPMENT_TEAM = 7MSQX36522;
				GENERATE_INFOPLIST_FILE = YES;
				MARKETING_VERSION = 1.0;
				PRODUCT_BUNDLE_IDENTIFIER = "AnorexInc.People-DetailsUITests";
				PRODUCT_NAME = "$(TARGET_NAME)";
				SWIFT_EMIT_LOC_STRINGS = NO;
				SWIFT_VERSION = 5.0;
				TARGETED_DEVICE_FAMILY = "1,2";
				TEST_TARGET_NAME = "People Details";
			};
			name = Debug;
		};
		8A7095992772D40900DF2870 /* Release */ = {
			isa = XCBuildConfiguration;
			buildSettings = {
				ALWAYS_EMBED_SWIFT_STANDARD_LIBRARIES = YES;
				CODE_SIGN_STYLE = Automatic;
				CURRENT_PROJECT_VERSION = 1;
				DEVELOPMENT_TEAM = 7MSQX36522;
				GENERATE_INFOPLIST_FILE = YES;
				MARKETING_VERSION = 1.0;
				PRODUCT_BUNDLE_IDENTIFIER = "AnorexInc.People-DetailsUITests";
				PRODUCT_NAME = "$(TARGET_NAME)";
				SWIFT_EMIT_LOC_STRINGS = NO;
				SWIFT_VERSION = 5.0;
				TARGETED_DEVICE_FAMILY = "1,2";
				TEST_TARGET_NAME = "People Details";
			};
			name = Release;
		};
/* End XCBuildConfiguration section */

/* Begin XCConfigurationList section */
		8A7095682772D40300DF2870 /* Build configuration list for PBXProject "People Details" */ = {
			isa = XCConfigurationList;
			buildConfigurations = (
				8A70958F2772D40900DF2870 /* Debug */,
				8A7095902772D40900DF2870 /* Release */,
			);
			defaultConfigurationIsVisible = 0;
			defaultConfigurationName = Release;
		};
		8A7095912772D40900DF2870 /* Build configuration list for PBXNativeTarget "People Details" */ = {
			isa = XCConfigurationList;
			buildConfigurations = (
				8A7095922772D40900DF2870 /* Debug */,
				8A7095932772D40900DF2870 /* Release */,
			);
			defaultConfigurationIsVisible = 0;
			defaultConfigurationName = Release;
		};
		8A7095942772D40900DF2870 /* Build configuration list for PBXNativeTarget "People DetailsTests" */ = {
			isa = XCConfigurationList;
			buildConfigurations = (
				8A7095952772D40900DF2870 /* Debug */,
				8A7095962772D40900DF2870 /* Release */,
			);
			defaultConfigurationIsVisible = 0;
			defaultConfigurationName = Release;
		};
		8A7095972772D40900DF2870 /* Build configuration list for PBXNativeTarget "People DetailsUITests" */ = {
			isa = XCConfigurationList;
			buildConfigurations = (
				8A7095982772D40900DF2870 /* Debug */,
				8A7095992772D40900DF2870 /* Release */,
			);
			defaultConfigurationIsVisible = 0;
			defaultConfigurationName = Release;
		};
/* End XCConfigurationList section */

/* Begin XCRemoteSwiftPackageReference section */
		8AF38604277306F2005847D5 /* XCRemoteSwiftPackageReference "SDWebImageSwiftUI" */ = {
			isa = XCRemoteSwiftPackageReference;
			repositoryURL = "https://github.com/SDWebImage/SDWebImageSwiftUI.git";
			requirement = {
				branch = master;
				kind = branch;
			};
		};
/* End XCRemoteSwiftPackageReference section */

/* Begin XCSwiftPackageProductDependency section */
		8AF38605277306F2005847D5 /* SDWebImageSwiftUI */ = {
			isa = XCSwiftPackageProductDependency;
			package = 8AF38604277306F2005847D5 /* XCRemoteSwiftPackageReference "SDWebImageSwiftUI" */;
			productName = SDWebImageSwiftUI;
		};
/* End XCSwiftPackageProductDependency section */
	};
	rootObject = 8A7095652772D40300DF2870 /* Project object */;
}
